
Microsoft Visual Studio Solution File, Format Version 12.00
# Visual Studio 2013
VisualStudioVersion = 12.0.30110.0
MinimumVisualStudioVersion = 10.0.40219.1
Project("{FAE04EC0-301F-11D3-BF4B-00C04F79EFBC}") = "SecurityClient.Core", "SecurityClient.Core\SecurityClient.Core.csproj", "{16A897A2-2BFF-4F8A-BE2D-F55A55342588}"
EndProject
Project("{2150E333-8FDC-42A3-9474-1A3956D46DE8}") = ".nuget", ".nuget", "{05B226BD-CB4E-4B48-8606-242425A27DC2}"
	ProjectSection(SolutionItems) = preProject
		.nuget\NuGet.Config = .nuget\NuGet.Config
		.nuget\NuGet.exe = .nuget\NuGet.exe
		.nuget\NuGet.targets = .nuget\NuGet.targets
	EndProjectSection
EndProject
Project("{FAE04EC0-301F-11D3-BF4B-00C04F79EFBC}") = "SecurityClient.Core.Tests", "SecurityClient.Core.Tests\SecurityClient.Core.Tests.csproj", "{C84D7D28-25E6-4CF2-8D80-4EAA55FA7689}"
EndProject
Project("{2150E333-8FDC-42A3-9474-1A3956D46DE8}") = "Solution Items", "Solution Items", "{D1723887-88ED-4681-B70D-4BCA8ADF7AB0}"
	ProjectSection(SolutionItems) = preProject
		nuspec.xsd = nuspec.xsd
	EndProjectSection
EndProject
Global
	GlobalSection(SolutionConfigurationPlatforms) = preSolution
		Debug|Any CPU = Debug|Any CPU
		Release|Any CPU = Release|Any CPU
	EndGlobalSection
	GlobalSection(ProjectConfigurationPlatforms) = postSolution
		{16A897A2-2BFF-4F8A-BE2D-F55A55342588}.Debug|Any CPU.ActiveCfg = Debug|Any CPU
		{16A897A2-2BFF-4F8A-BE2D-F55A55342588}.Debug|Any CPU.Build.0 = Debug|Any CPU
		{16A897A2-2BFF-4F8A-BE2D-F55A55342588}.Release|Any CPU.ActiveCfg = Release|Any CPU
		{16A897A2-2BFF-4F8A-BE2D-F55A55342588}.Release|Any CPU.Build.0 = Release|Any CPU
		{C84D7D28-25E6-4CF2-8D80-4EAA55FA7689}.Debug|Any CPU.ActiveCfg = Debug|Any CPU
		{C84D7D28-25E6-4CF2-8D80-4EAA55FA7689}.Debug|Any CPU.Build.0 = Debug|Any CPU
		{C84D7D28-25E6-4CF2-8D80-4EAA55FA7689}.Release|Any CPU.ActiveCfg = Release|Any CPU
		{C84D7D28-25E6-4CF2-8D80-4EAA55FA7689}.Release|Any CPU.Build.0 = Release|Any CPU
	EndGlobalSection
	GlobalSection(SolutionProperties) = preSolution
		HideSolutionNode = FALSE
	EndGlobalSection
EndGlobal
